
Microsoft Visual Studio Solution File, Format Version 12.00
# Visual Studio Version 17
VisualStudioVersion = 17.7.34202.233
MinimumVisualStudioVersion = 10.0.40219.1
Project("{9A19103F-16F7-4668-BE54-9A1E7A4F7556}") = "AvansDevOps", "AvansDevOps\AvansDevOps.csproj", "{3299EEAF-72E9-4CFE-8DBB-72C1AB80DDE1}"
EndProject
Project("{9A19103F-16F7-4668-BE54-9A1E7A4F7556}") = "AvansDevOpsTest", "AvansDevOpsTest\AvansDevOpsTest.csproj", "{D3A014DE-895F-4EC9-B3DC-8CA77935B0E6}"
EndProject
Global
	GlobalSection(SolutionConfigurationPlatforms) = preSolution
		Debug|Any CPU = Debug|Any CPU
		Release|Any CPU = Release|Any CPU
	EndGlobalSection
	GlobalSection(ProjectConfigurationPlatforms) = postSolution
		{3299EEAF-72E9-4CFE-8DBB-72C1AB80DDE1}.Debug|Any CPU.ActiveCfg = Debug|Any CPU
		{3299EEAF-72E9-4CFE-8DBB-72C1AB80DDE1}.Debug|Any CPU.Build.0 = Debug|Any CPU
		{3299EEAF-72E9-4CFE-8DBB-72C1AB80DDE1}.Release|Any CPU.ActiveCfg = Release|Any CPU
		{3299EEAF-72E9-4CFE-8DBB-72C1AB80DDE1}.Release|Any CPU.Build.0 = Release|Any CPU
		{D3A014DE-895F-4EC9-B3DC-8CA77935B0E6}.Debug|Any CPU.ActiveCfg = Debug|Any CPU
		{D3A014DE-895F-4EC9-B3DC-8CA77935B0E6}.Debug|Any CPU.Build.0 = Debug|Any CPU
		{D3A014DE-895F-4EC9-B3DC-8CA77935B0E6}.Release|Any CPU.ActiveCfg = Release|Any CPU
		{D3A014DE-895F-4EC9-B3DC-8CA77935B0E6}.Release|Any CPU.Build.0 = Release|Any CPU
	EndGlobalSection
	GlobalSection(SolutionProperties) = preSolution
		HideSolutionNode = FALSE
	EndGlobalSection
	GlobalSection(ExtensibilityGlobals) = postSolution
		SolutionGuid = {1EC2B02B-91B6-40F1-8B5F-F0B2312D7AA1}
	EndGlobalSection
EndGlobal
